
Microsoft Visual Studio Solution File, Format Version 11.00
# Visual Studio 2010
Project("{8BC9CEB8-8B4A-11D0-8D11-00A0C91BC942}") = "mame_0.72", "mame_0.72.vcxproj", "{674EDD35-1F3D-41CC-AD19-5D37EC3ED739}"
	ProjectSection(ProjectDependencies) = postProject
		{70662F32-4B90-4229-B469-B348854DCDF4} = {70662F32-4B90-4229-B469-B348854DCDF4}
	EndProjectSection
EndProject
Project("{8BC9CEB8-8B4A-11D0-8D11-00A0C91BC942}") = "zlib", "..\zlib\zlib.vcxproj", "{70662F32-4B90-4229-B469-B348854DCDF4}"
EndProject
Project("{8BC9CEB8-8B4A-11D0-8D11-00A0C91BC942}") = "AtgFramework", "C:\Program Files (x86)\Microsoft Xbox 360 SDK\Source\Samples\Common\AtgFramework2010.vcxproj", "{91D208A6-9936-47FD-9659-67205C3EB0AB}"
EndProject
Global
	GlobalSection(SolutionConfigurationPlatforms) = preSolution
		CodeAnalysis|Mixed Platforms = CodeAnalysis|Mixed Platforms
		CodeAnalysis|Win32 = CodeAnalysis|Win32
		CodeAnalysis|Xbox 360 = CodeAnalysis|Xbox 360
		Debug|Mixed Platforms = Debug|Mixed Platforms
		Debug|Win32 = Debug|Win32
		Debug|Xbox 360 = Debug|Xbox 360
		Profile_FastCap|Mixed Platforms = Profile_FastCap|Mixed Platforms
		Profile_FastCap|Win32 = Profile_FastCap|Win32
		Profile_FastCap|Xbox 360 = Profile_FastCap|Xbox 360
		Profile|Mixed Platforms = Profile|Mixed Platforms
		Profile|Win32 = Profile|Win32
		Profile|Xbox 360 = Profile|Xbox 360
		Release_LTCG|Mixed Platforms = Release_LTCG|Mixed Platforms
		Release_LTCG|Win32 = Release_LTCG|Win32
		Release_LTCG|Xbox 360 = Release_LTCG|Xbox 360
		Release|Mixed Platforms = Release|Mixed Platforms
		Release|Win32 = Release|Win32
		Release|Xbox 360 = Release|Xbox 360
		ReleaseAxp|Mixed Platforms = ReleaseAxp|Mixed Platforms
		ReleaseAxp|Win32 = ReleaseAxp|Win32
		ReleaseAxp|Xbox 360 = ReleaseAxp|Xbox 360
		ReleaseWithoutAsm|Mixed Platforms = ReleaseWithoutAsm|Mixed Platforms
		ReleaseWithoutAsm|Win32 = ReleaseWithoutAsm|Win32
		ReleaseWithoutAsm|Xbox 360 = ReleaseWithoutAsm|Xbox 360
		ReleaseWithoutCrtdll|Mixed Platforms = ReleaseWithoutCrtdll|Mixed Platforms
		ReleaseWithoutCrtdll|Win32 = ReleaseWithoutCrtdll|Win32
		ReleaseWithoutCrtdll|Xbox 360 = ReleaseWithoutCrtdll|Xbox 360
	EndGlobalSection
	GlobalSection(ProjectConfigurationPlatforms) = postSolution
		{674EDD35-1F3D-41CC-AD19-5D37EC3ED739}.CodeAnalysis|Mixed Platforms.ActiveCfg = CodeAnalysis|Xbox 360
		{674EDD35-1F3D-41CC-AD19-5D37EC3ED739}.CodeAnalysis|Mixed Platforms.Build.0 = CodeAnalysis|Xbox 360
		{674EDD35-1F3D-41CC-AD19-5D37EC3ED739}.CodeAnalysis|Win32.ActiveCfg = CodeAnalysis|Xbox 360
		{674EDD35-1F3D-41CC-AD19-5D37EC3ED739}.CodeAnalysis|Xbox 360.ActiveCfg = CodeAnalysis|Xbox 360
		{674EDD35-1F3D-41CC-AD19-5D37EC3ED739}.CodeAnalysis|Xbox 360.Build.0 = CodeAnalysis|Xbox 360
		{674EDD35-1F3D-41CC-AD19-5D37EC3ED739}.Debug|Mixed Platforms.ActiveCfg = Debug|Xbox 360
		{674EDD35-1F3D-41CC-AD19-5D37EC3ED739}.Debug|Mixed Platforms.Build.0 = Debug|Xbox 360
		{674EDD35-1F3D-41CC-AD19-5D37EC3ED739}.Debug|Win32.ActiveCfg = Debug|Xbox 360
		{674EDD35-1F3D-41CC-AD19-5D37EC3ED739}.Debug|Xbox 360.ActiveCfg = Debug|Xbox 360
		{674EDD35-1F3D-41CC-AD19-5D37EC3ED739}.Debug|Xbox 360.Build.0 = Debug|Xbox 360
		{674EDD35-1F3D-41CC-AD19-5D37EC3ED739}.Profile_FastCap|Mixed Platforms.ActiveCfg = Profile_FastCap|Xbox 360
		{674EDD35-1F3D-41CC-AD19-5D37EC3ED739}.Profile_FastCap|Mixed Platforms.Build.0 = Profile_FastCap|Xbox 360
		{674EDD35-1F3D-41CC-AD19-5D37EC3ED739}.Profile_FastCap|Win32.ActiveCfg = Profile_FastCap|Xbox 360
		{674EDD35-1F3D-41CC-AD19-5D37EC3ED739}.Profile_FastCap|Xbox 360.ActiveCfg = Profile_FastCap|Xbox 360
		{674EDD35-1F3D-41CC-AD19-5D37EC3ED739}.Profile_FastCap|Xbox 360.Build.0 = Profile_FastCap|Xbox 360
		{674EDD35-1F3D-41CC-AD19-5D37EC3ED739}.Profile|Mixed Platforms.ActiveCfg = Profile|Xbox 360
		{674EDD35-1F3D-41CC-AD19-5D37EC3ED739}.Profile|Mixed Platforms.Build.0 = Profile|Xbox 360
		{674EDD35-1F3D-41CC-AD19-5D37EC3ED739}.Profile|Win32.ActiveCfg = Profile|Xbox 360
		{674EDD35-1F3D-41CC-AD19-5D37EC3ED739}.Profile|Xbox 360.ActiveCfg = Profile|Xbox 360
		{674EDD35-1F3D-41CC-AD19-5D37EC3ED739}.Profile|Xbox 360.Build.0 = Profile|Xbox 360
		{674EDD35-1F3D-41CC-AD19-5D37EC3ED739}.Release_LTCG|Mixed Platforms.ActiveCfg = Release_LTCG|Xbox 360
		{674EDD35-1F3D-41CC-AD19-5D37EC3ED739}.Release_LTCG|Mixed Platforms.Build.0 = Release_LTCG|Xbox 360
		{674EDD35-1F3D-41CC-AD19-5D37EC3ED739}.Release_LTCG|Win32.ActiveCfg = Release_LTCG|Xbox 360
		{674EDD35-1F3D-41CC-AD19-5D37EC3ED739}.Release_LTCG|Xbox 360.ActiveCfg = Release_LTCG|Xbox 360
		{674EDD35-1F3D-41CC-AD19-5D37EC3ED739}.Release_LTCG|Xbox 360.Build.0 = Release_LTCG|Xbox 360
		{674EDD35-1F3D-41CC-AD19-5D37EC3ED739}.Release|Mixed Platforms.ActiveCfg = Release|Xbox 360
		{674EDD35-1F3D-41CC-AD19-5D37EC3ED739}.Release|Mixed Platforms.Build.0 = Release|Xbox 360
		{674EDD35-1F3D-41CC-AD19-5D37EC3ED739}.Release|Win32.ActiveCfg = Release|Xbox 360
		{674EDD35-1F3D-41CC-AD19-5D37EC3ED739}.Release|Xbox 360.ActiveCfg = Release|Xbox 360
		{674EDD35-1F3D-41CC-AD19-5D37EC3ED739}.Release|Xbox 360.Build.0 = Release|Xbox 360
		{674EDD35-1F3D-41CC-AD19-5D37EC3ED739}.ReleaseAxp|Mixed Platforms.ActiveCfg = Release_LTCG|Xbox 360
		{674EDD35-1F3D-41CC-AD19-5D37EC3ED739}.ReleaseAxp|Mixed Platforms.Build.0 = Release_LTCG|Xbox 360
		{674EDD35-1F3D-41CC-AD19-5D37EC3ED739}.ReleaseAxp|Win32.ActiveCfg = Release_LTCG|Xbox 360
		{674EDD35-1F3D-41CC-AD19-5D37EC3ED739}.ReleaseAxp|Xbox 360.ActiveCfg = Release_LTCG|Xbox 360
		{674EDD35-1F3D-41CC-AD19-5D37EC3ED739}.ReleaseAxp|Xbox 360.Build.0 = Release_LTCG|Xbox 360
		{674EDD35-1F3D-41CC-AD19-5D37EC3ED739}.ReleaseWithoutAsm|Mixed Platforms.ActiveCfg = Release_LTCG|Xbox 360
		{674EDD35-1F3D-41CC-AD19-5D37EC3ED739}.ReleaseWithoutAsm|Mixed Platforms.Build.0 = Release_LTCG|Xbox 360
		{674EDD35-1F3D-41CC-AD19-5D37EC3ED739}.ReleaseWithoutAsm|Win32.ActiveCfg = Release_LTCG|Xbox 360
		{674EDD35-1F3D-41CC-AD19-5D37EC3ED739}.ReleaseWithoutAsm|Xbox 360.ActiveCfg = Release_LTCG|Xbox 360
		{674EDD35-1F3D-41CC-AD19-5D37EC3ED739}.ReleaseWithoutAsm|Xbox 360.Build.0 = Release_LTCG|Xbox 360
		{674EDD35-1F3D-41CC-AD19-5D37EC3ED739}.ReleaseWithoutCrtdll|Mixed Platforms.ActiveCfg = Release_LTCG|Xbox 360
		{674EDD35-1F3D-41CC-AD19-5D37EC3ED739}.ReleaseWithoutCrtdll|Mixed Platforms.Build.0 = Release_LTCG|Xbox 360
		{674EDD35-1F3D-41CC-AD19-5D37EC3ED739}.ReleaseWithoutCrtdll|Win32.ActiveCfg = Release_LTCG|Xbox 360
		{674EDD35-1F3D-41CC-AD19-5D37EC3ED739}.ReleaseWithoutCrtdll|Xbox 360.ActiveCfg = Release_LTCG|Xbox 360
		{674EDD35-1F3D-41CC-AD19-5D37EC3ED739}.ReleaseWithoutCrtdll|Xbox 360.Build.0 = Release_LTCG|Xbox 360
		{70662F32-4B90-4229-B469-B348854DCDF4}.CodeAnalysis|Mixed Platforms.ActiveCfg = CodeAnalysis|Xbox 360
		{70662F32-4B90-4229-B469-B348854DCDF4}.CodeAnalysis|Mixed Platforms.Build.0 = CodeAnalysis|Xbox 360
		{70662F32-4B90-4229-B469-B348854DCDF4}.CodeAnalysis|Mixed Platforms.Deploy.0 = CodeAnalysis|Xbox 360
		{70662F32-4B90-4229-B469-B348854DCDF4}.CodeAnalysis|Win32.ActiveCfg = CodeAnalysis|Xbox 360
		{70662F32-4B90-4229-B469-B348854DCDF4}.CodeAnalysis|Xbox 360.ActiveCfg = CodeAnalysis|Xbox 360
		{70662F32-4B90-4229-B469-B348854DCDF4}.CodeAnalysis|Xbox 360.Build.0 = CodeAnalysis|Xbox 360
		{70662F32-4B90-4229-B469-B348854DCDF4}.CodeAnalysis|Xbox 360.Deploy.0 = CodeAnalysis|Xbox 360
		{70662F32-4B90-4229-B469-B348854DCDF4}.Debug|Mixed Platforms.ActiveCfg = Debug|Xbox 360
		{70662F32-4B90-4229-B469-B348854DCDF4}.Debug|Mixed Platforms.Build.0 = Debug|Xbox 360
		{70662F32-4B90-4229-B469-B348854DCDF4}.Debug|Mixed Platforms.Deploy.0 = Debug|Xbox 360
		{70662F32-4B90-4229-B469-B348854DCDF4}.Debug|Win32.ActiveCfg = Debug|Xbox 360
		{70662F32-4B90-4229-B469-B348854DCDF4}.Debug|Xbox 360.ActiveCfg = Debug|Xbox 360
		{70662F32-4B90-4229-B469-B348854DCDF4}.Debug|Xbox 360.Build.0 = Debug|Xbox 360
		{70662F32-4B90-4229-B469-B348854DCDF4}.Debug|Xbox 360.Deploy.0 = Debug|Xbox 360
		{70662F32-4B90-4229-B469-B348854DCDF4}.Profile_FastCap|Mixed Platforms.ActiveCfg = Profile_FastCap|Xbox 360
		{70662F32-4B90-4229-B469-B348854DCDF4}.Profile_FastCap|Mixed Platforms.Build.0 = Profile_FastCap|Xbox 360
		{70662F32-4B90-4229-B469-B348854DCDF4}.Profile_FastCap|Mixed Platforms.Deploy.0 = Profile_FastCap|Xbox 360
		{70662F32-4B90-4229-B469-B348854DCDF4}.Profile_FastCap|Win32.ActiveCfg = Profile_FastCap|Xbox 360
		{70662F32-4B90-4229-B469-B348854DCDF4}.Profile_FastCap|Xbox 360.ActiveCfg = Profile_FastCap|Xbox 360
		{70662F32-4B90-4229-B469-B348854DCDF4}.Profile_FastCap|Xbox 360.Build.0 = Profile_FastCap|Xbox 360
		{70662F32-4B90-4229-B469-B348854DCDF4}.Profile_FastCap|Xbox 360.Deploy.0 = Profile_FastCap|Xbox 360
		{70662F32-4B90-4229-B469-B348854DCDF4}.Profile|Mixed Platforms.ActiveCfg = Profile|Xbox 360
		{70662F32-4B90-4229-B469-B348854DCDF4}.Profile|Mixed Platforms.Build.0 = Profile|Xbox 360
		{70662F32-4B90-4229-B469-B348854DCDF4}.Profile|Mixed Platforms.Deploy.0 = Profile|Xbox 360
		{70662F32-4B90-4229-B469-B348854DCDF4}.Profile|Win32.ActiveCfg = Profile|Xbox 360
		{70662F32-4B90-4229-B469-B348854DCDF4}.Profile|Xbox 360.ActiveCfg = Profile|Xbox 360
		{70662F32-4B90-4229-B469-B348854DCDF4}.Profile|Xbox 360.Build.0 = Profile|Xbox 360
		{70662F32-4B90-4229-B469-B348854DCDF4}.Profile|Xbox 360.Deploy.0 = Profile|Xbox 360
		{70662F32-4B90-4229-B469-B348854DCDF4}.Release_LTCG|Mixed Platforms.ActiveCfg = Release_LTCG|Xbox 360
		{70662F32-4B90-4229-B469-B348854DCDF4}.Release_LTCG|Mixed Platforms.Build.0 = Release_LTCG|Xbox 360
		{70662F32-4B90-4229-B469-B348854DCDF4}.Release_LTCG|Mixed Platforms.Deploy.0 = Release_LTCG|Xbox 360
		{70662F32-4B90-4229-B469-B348854DCDF4}.Release_LTCG|Win32.ActiveCfg = Release_LTCG|Xbox 360
		{70662F32-4B90-4229-B469-B348854DCDF4}.Release_LTCG|Xbox 360.ActiveCfg = Release_LTCG|Xbox 360
		{70662F32-4B90-4229-B469-B348854DCDF4}.Release_LTCG|Xbox 360.Build.0 = Release_LTCG|Xbox 360
		{70662F32-4B90-4229-B469-B348854DCDF4}.Release_LTCG|Xbox 360.Deploy.0 = Release_LTCG|Xbox 360
		{70662F32-4B90-4229-B469-B348854DCDF4}.Release|Mixed Platforms.ActiveCfg = Release|Xbox 360
		{70662F32-4B90-4229-B469-B348854DCDF4}.Release|Mixed Platforms.Build.0 = Release|Xbox 360
		{70662F32-4B90-4229-B469-B348854DCDF4}.Release|Mixed Platforms.Deploy.0 = Release|Xbox 360
		{70662F32-4B90-4229-B469-B348854DCDF4}.Release|Win32.ActiveCfg = Release|Xbox 360
		{70662F32-4B90-4229-B469-B348854DCDF4}.Release|Xbox 360.ActiveCfg = Release|Xbox 360
		{70662F32-4B90-4229-B469-B348854DCDF4}.Release|Xbox 360.Build.0 = Release|Xbox 360
		{70662F32-4B90-4229-B469-B348854DCDF4}.Release|Xbox 360.Deploy.0 = Release|Xbox 360
		{70662F32-4B90-4229-B469-B348854DCDF4}.ReleaseAxp|Mixed Platforms.ActiveCfg = Release_LTCG|Xbox 360
		{70662F32-4B90-4229-B469-B348854DCDF4}.ReleaseAxp|Mixed Platforms.Build.0 = Release_LTCG|Xbox 360
		{70662F32-4B90-4229-B469-B348854DCDF4}.ReleaseAxp|Mixed Platforms.Deploy.0 = Release_LTCG|Xbox 360
		{70662F32-4B90-4229-B469-B348854DCDF4}.ReleaseAxp|Win32.ActiveCfg = Release_LTCG|Xbox 360
		{70662F32-4B90-4229-B469-B348854DCDF4}.ReleaseAxp|Xbox 360.ActiveCfg = Release_LTCG|Xbox 360
		{70662F32-4B90-4229-B469-B348854DCDF4}.ReleaseAxp|Xbox 360.Build.0 = Release_LTCG|Xbox 360
		{70662F32-4B90-4229-B469-B348854DCDF4}.ReleaseAxp|Xbox 360.Deploy.0 = Release_LTCG|Xbox 360
		{70662F32-4B90-4229-B469-B348854DCDF4}.ReleaseWithoutAsm|Mixed Platforms.ActiveCfg = Release_LTCG|Xbox 360
		{70662F32-4B90-4229-B469-B348854DCDF4}.ReleaseWithoutAsm|Mixed Platforms.Build.0 = Release_LTCG|Xbox 360
		{70662F32-4B90-4229-B469-B348854DCDF4}.ReleaseWithoutAsm|Mixed Platforms.Deploy.0 = Release_LTCG|Xbox 360
		{70662F32-4B90-4229-B469-B348854DCDF4}.ReleaseWithoutAsm|Win32.ActiveCfg = Release_LTCG|Xbox 360
		{70662F32-4B90-4229-B469-B348854DCDF4}.ReleaseWithoutAsm|Xbox 360.ActiveCfg = Release_LTCG|Xbox 360
		{70662F32-4B90-4229-B469-B348854DCDF4}.ReleaseWithoutAsm|Xbox 360.Build.0 = Release_LTCG|Xbox 360
		{70662F32-4B90-4229-B469-B348854DCDF4}.ReleaseWithoutAsm|Xbox 360.Deploy.0 = Release_LTCG|Xbox 360
		{70662F32-4B90-4229-B469-B348854DCDF4}.ReleaseWithoutCrtdll|Mixed Platforms.ActiveCfg = Release_LTCG|Xbox 360
		{70662F32-4B90-4229-B469-B348854DCDF4}.ReleaseWithoutCrtdll|Mixed Platforms.Build.0 = Release_LTCG|Xbox 360
		{70662F32-4B90-4229-B469-B348854DCDF4}.ReleaseWithoutCrtdll|Mixed Platforms.Deploy.0 = Release_LTCG|Xbox 360
		{70662F32-4B90-4229-B469-B348854DCDF4}.ReleaseWithoutCrtdll|Win32.ActiveCfg = Release_LTCG|Xbox 360
		{70662F32-4B90-4229-B469-B348854DCDF4}.ReleaseWithoutCrtdll|Xbox 360.ActiveCfg = Release_LTCG|Xbox 360
		{70662F32-4B90-4229-B469-B348854DCDF4}.ReleaseWithoutCrtdll|Xbox 360.Build.0 = Release_LTCG|Xbox 360
		{70662F32-4B90-4229-B469-B348854DCDF4}.ReleaseWithoutCrtdll|Xbox 360.Deploy.0 = Release_LTCG|Xbox 360
		{91D208A6-9936-47FD-9659-67205C3EB0AB}.CodeAnalysis|Mixed Platforms.ActiveCfg = CodeAnalysis|Xbox 360
		{91D208A6-9936-47FD-9659-67205C3EB0AB}.CodeAnalysis|Mixed Platforms.Build.0 = CodeAnalysis|Xbox 360
		{91D208A6-9936-47FD-9659-67205C3EB0AB}.CodeAnalysis|Mixed Platforms.Deploy.0 = CodeAnalysis|Xbox 360
		{91D208A6-9936-47FD-9659-67205C3EB0AB}.CodeAnalysis|Win32.ActiveCfg = CodeAnalysis|Xbox 360
		{91D208A6-9936-47FD-9659-67205C3EB0AB}.CodeAnalysis|Xbox 360.ActiveCfg = CodeAnalysis|Xbox 360
		{91D208A6-9936-47FD-9659-67205C3EB0AB}.CodeAnalysis|Xbox 360.Build.0 = CodeAnalysis|Xbox 360
		{91D208A6-9936-47FD-9659-67205C3EB0AB}.CodeAnalysis|Xbox 360.Deploy.0 = CodeAnalysis|Xbox 360
		{91D208A6-9936-47FD-9659-67205C3EB0AB}.Debug|Mixed Platforms.ActiveCfg = Debug|Xbox 360
		{91D208A6-9936-47FD-9659-67205C3EB0AB}.Debug|Mixed Platforms.Build.0 = Debug|Xbox 360
		{91D208A6-9936-47FD-9659-67205C3EB0AB}.Debug|Mixed Platforms.Deploy.0 = Debug|Xbox 360
		{91D208A6-9936-47FD-9659-67205C3EB0AB}.Debug|Win32.ActiveCfg = Debug|Xbox 360
		{91D208A6-9936-47FD-9659-67205C3EB0AB}.Debug|Xbox 360.ActiveCfg = Debug|Xbox 360
		{91D208A6-9936-47FD-9659-67205C3EB0AB}.Debug|Xbox 360.Build.0 = Debug|Xbox 360
		{91D208A6-9936-47FD-9659-67205C3EB0AB}.Debug|Xbox 360.Deploy.0 = Debug|Xbox 360
		{91D208A6-9936-47FD-9659-67205C3EB0AB}.Profile_FastCap|Mixed Platforms.ActiveCfg = Profile_FastCap|Xbox 360
		{91D208A6-9936-47FD-9659-67205C3EB0AB}.Profile_FastCap|Mixed Platforms.Build.0 = Profile_FastCap|Xbox 360
		{91D208A6-9936-47FD-9659-67205C3EB0AB}.Profile_FastCap|Mixed Platforms.Deploy.0 = Profile_FastCap|Xbox 360
		{91D208A6-9936-47FD-9659-67205C3EB0AB}.Profile_FastCap|Win32.ActiveCfg = Profile_FastCap|Xbox 360
		{91D208A6-9936-47FD-9659-67205C3EB0AB}.Profile_FastCap|Xbox 360.ActiveCfg = Profile_FastCap|Xbox 360
		{91D208A6-9936-47FD-9659-67205C3EB0AB}.Profile_FastCap|Xbox 360.Build.0 = Profile_FastCap|Xbox 360
		{91D208A6-9936-47FD-9659-67205C3EB0AB}.Profile_FastCap|Xbox 360.Deploy.0 = Profile_FastCap|Xbox 360
		{91D208A6-9936-47FD-9659-67205C3EB0AB}.Profile|Mixed Platforms.ActiveCfg = Profile|Xbox 360
		{91D208A6-9936-47FD-9659-67205C3EB0AB}.Profile|Mixed Platforms.Build.0 = Profile|Xbox 360
		{91D208A6-9936-47FD-9659-67205C3EB0AB}.Profile|Mixed Platforms.Deploy.0 = Profile|Xbox 360
		{91D208A6-9936-47FD-9659-67205C3EB0AB}.Profile|Win32.ActiveCfg = Profile|Xbox 360
		{91D208A6-9936-47FD-9659-67205C3EB0AB}.Profile|Xbox 360.ActiveCfg = Profile|Xbox 360
		{91D208A6-9936-47FD-9659-67205C3EB0AB}.Profile|Xbox 360.Build.0 = Profile|Xbox 360
		{91D208A6-9936-47FD-9659-67205C3EB0AB}.Profile|Xbox 360.Deploy.0 = Profile|Xbox 360
		{91D208A6-9936-47FD-9659-67205C3EB0AB}.Release_LTCG|Mixed Platforms.ActiveCfg = Release_LTCG|Xbox 360
		{91D208A6-9936-47FD-9659-67205C3EB0AB}.Release_LTCG|Mixed Platforms.Build.0 = Release_LTCG|Xbox 360
		{91D208A6-9936-47FD-9659-67205C3EB0AB}.Release_LTCG|Mixed Platforms.Deploy.0 = Release_LTCG|Xbox 360
		{91D208A6-9936-47FD-9659-67205C3EB0AB}.Release_LTCG|Win32.ActiveCfg = Release_LTCG|Xbox 360
		{91D208A6-9936-47FD-9659-67205C3EB0AB}.Release_LTCG|Xbox 360.ActiveCfg = Release_LTCG|Xbox 360
		{91D208A6-9936-47FD-9659-67205C3EB0AB}.Release_LTCG|Xbox 360.Build.0 = Release_LTCG|Xbox 360
		{91D208A6-9936-47FD-9659-67205C3EB0AB}.Release_LTCG|Xbox 360.Deploy.0 = Release_LTCG|Xbox 360
		{91D208A6-9936-47FD-9659-67205C3EB0AB}.Release|Mixed Platforms.ActiveCfg = Release|Xbox 360
		{91D208A6-9936-47FD-9659-67205C3EB0AB}.Release|Mixed Platforms.Build.0 = Release|Xbox 360
		{91D208A6-9936-47FD-9659-67205C3EB0AB}.Release|Mixed Platforms.Deploy.0 = Release|Xbox 360
		{91D208A6-9936-47FD-9659-67205C3EB0AB}.Release|Win32.ActiveCfg = Release|Xbox 360
		{91D208A6-9936-47FD-9659-67205C3EB0AB}.Release|Xbox 360.ActiveCfg = Release|Xbox 360
		{91D208A6-9936-47FD-9659-67205C3EB0AB}.Release|Xbox 360.Build.0 = Release|Xbox 360
		{91D208A6-9936-47FD-9659-67205C3EB0AB}.Release|Xbox 360.Deploy.0 = Release|Xbox 360
		{91D208A6-9936-47FD-9659-67205C3EB0AB}.ReleaseAxp|Mixed Platforms.ActiveCfg = Release|Xbox 360
		{91D208A6-9936-47FD-9659-67205C3EB0AB}.ReleaseAxp|Mixed Platforms.Build.0 = Release|Xbox 360
		{91D208A6-9936-47FD-9659-67205C3EB0AB}.ReleaseAxp|Mixed Platforms.Deploy.0 = Release|Xbox 360
		{91D208A6-9936-47FD-9659-67205C3EB0AB}.ReleaseAxp|Win32.ActiveCfg = Release|Xbox 360
		{91D208A6-9936-47FD-9659-67205C3EB0AB}.ReleaseAxp|Xbox 360.ActiveCfg = Release|Xbox 360
		{91D208A6-9936-47FD-9659-67205C3EB0AB}.ReleaseAxp|Xbox 360.Build.0 = Release|Xbox 360
		{91D208A6-9936-47FD-9659-67205C3EB0AB}.ReleaseAxp|Xbox 360.Deploy.0 = Release|Xbox 360
		{91D208A6-9936-47FD-9659-67205C3EB0AB}.ReleaseWithoutAsm|Mixed Platforms.ActiveCfg = Release|Xbox 360
		{91D208A6-9936-47FD-9659-67205C3EB0AB}.ReleaseWithoutAsm|Mixed Platforms.Build.0 = Release|Xbox 360
		{91D208A6-9936-47FD-9659-67205C3EB0AB}.ReleaseWithoutAsm|Mixed Platforms.Deploy.0 = Release|Xbox 360
		{91D208A6-9936-47FD-9659-67205C3EB0AB}.ReleaseWithoutAsm|Win32.ActiveCfg = Release|Xbox 360
		{91D208A6-9936-47FD-9659-67205C3EB0AB}.ReleaseWithoutAsm|Xbox 360.ActiveCfg = Release|Xbox 360
		{91D208A6-9936-47FD-9659-67205C3EB0AB}.ReleaseWithoutAsm|Xbox 360.Build.0 = Release|Xbox 360
		{91D208A6-9936-47FD-9659-67205C3EB0AB}.ReleaseWithoutAsm|Xbox 360.Deploy.0 = Release|Xbox 360
		{91D208A6-9936-47FD-9659-67205C3EB0AB}.ReleaseWithoutCrtdll|Mixed Platforms.ActiveCfg = Release|Xbox 360
		{91D208A6-9936-47FD-9659-67205C3EB0AB}.ReleaseWithoutCrtdll|Mixed Platforms.Build.0 = Release|Xbox 360
		{91D208A6-9936-47FD-9659-67205C3EB0AB}.ReleaseWithoutCrtdll|Mixed Platforms.Deploy.0 = Release|Xbox 360
		{91D208A6-9936-47FD-9659-67205C3EB0AB}.ReleaseWithoutCrtdll|Win32.ActiveCfg = Release|Xbox 360
		{91D208A6-9936-47FD-9659-67205C3EB0AB}.ReleaseWithoutCrtdll|Xbox 360.ActiveCfg = Release|Xbox 360
		{91D208A6-9936-47FD-9659-67205C3EB0AB}.ReleaseWithoutCrtdll|Xbox 360.Build.0 = Release|Xbox 360
		{91D208A6-9936-47FD-9659-67205C3EB0AB}.ReleaseWithoutCrtdll|Xbox 360.Deploy.0 = Release|Xbox 360
	EndGlobalSection
	GlobalSection(SolutionProperties) = preSolution
		HideSolutionNode = FALSE
	EndGlobalSection
EndGlobal
